
Microsoft Visual Studio Solution File, Format Version 12.00
# Visual Studio Version 16
VisualStudioVersion = 16.0.28606.126
MinimumVisualStudioVersion = 10.0.40219.1
Project("{9A19103F-16F7-4668-BE54-9A1E7A4F7556}") = "AppBokerASP", "AppBokerASP\AppBokerASP.csproj", "{58BEF908-925B-4091-908B-AC733EEA6FC7}"
EndProject
Project("{9A19103F-16F7-4668-BE54-9A1E7A4F7556}") = "PainlessMesh", "PainlessMesh\PainlessMesh.csproj", "{20EB7A97-916E-4E41-8976-4F2C1FB2532A}"
EndProject
Project("{9A19103F-16F7-4668-BE54-9A1E7A4F7556}") = "TranslateTTMToHumanReadable", "TranslateTTMToHumanReadable\TranslateTTMToHumanReadable.csproj", "{76555774-B495-46A0-8075-16977D2DEBD7}"
EndProject
Project("{9A19103F-16F7-4668-BE54-9A1E7A4F7556}") = "AppBrokerASPCloud", "AppBrokerASPCloud\AppBrokerASPCloud.csproj", "{DF67892A-B1F9-4A86-A74D-17675F46547E}"
EndProject
Project("{9A19103F-16F7-4668-BE54-9A1E7A4F7556}") = "AppBroker.Core", "AppBroker.Core\AppBroker.Core.csproj", "{42583C99-FF01-406C-8AD9-8674A952C71A}"
EndProject
Project("{9A19103F-16F7-4668-BE54-9A1E7A4F7556}") = "AppBroker.IOBroker", "AppBroker.IOBroker\AppBroker.IOBroker.csproj", "{713D3581-11E1-4CAE-B2F8-7761E0577C5E}"
EndProject
Project("{9A19103F-16F7-4668-BE54-9A1E7A4F7556}") = "AppBroker.PainlessMesh", "AppBroker.PainlessMesh\AppBroker.PainlessMesh.csproj", "{D73E5253-0B3E-4159-9601-90B555C5B0C6}"
EndProject
Global
	GlobalSection(SolutionConfigurationPlatforms) = preSolution
		Debug_Ubuntu|Any CPU = Debug_Ubuntu|Any CPU
		Debug|Any CPU = Debug|Any CPU
		Release_Ubuntu|Any CPU = Release_Ubuntu|Any CPU
		Release|Any CPU = Release|Any CPU
	EndGlobalSection
	GlobalSection(ProjectConfigurationPlatforms) = postSolution
		{58BEF908-925B-4091-908B-AC733EEA6FC7}.Debug_Ubuntu|Any CPU.ActiveCfg = Debug|Any CPU
		{58BEF908-925B-4091-908B-AC733EEA6FC7}.Debug_Ubuntu|Any CPU.Build.0 = Debug|Any CPU
		{58BEF908-925B-4091-908B-AC733EEA6FC7}.Debug|Any CPU.ActiveCfg = Debug|Any CPU
		{58BEF908-925B-4091-908B-AC733EEA6FC7}.Debug|Any CPU.Build.0 = Debug|Any CPU
		{58BEF908-925B-4091-908B-AC733EEA6FC7}.Release_Ubuntu|Any CPU.ActiveCfg = Release|Any CPU
		{58BEF908-925B-4091-908B-AC733EEA6FC7}.Release_Ubuntu|Any CPU.Build.0 = Release|Any CPU
		{58BEF908-925B-4091-908B-AC733EEA6FC7}.Release|Any CPU.ActiveCfg = Release|Any CPU
		{58BEF908-925B-4091-908B-AC733EEA6FC7}.Release|Any CPU.Build.0 = Release|Any CPU
		{20EB7A97-916E-4E41-8976-4F2C1FB2532A}.Debug_Ubuntu|Any CPU.ActiveCfg = Debug|Any CPU
		{20EB7A97-916E-4E41-8976-4F2C1FB2532A}.Debug_Ubuntu|Any CPU.Build.0 = Debug|Any CPU
		{20EB7A97-916E-4E41-8976-4F2C1FB2532A}.Debug|Any CPU.ActiveCfg = Debug|Any CPU
		{20EB7A97-916E-4E41-8976-4F2C1FB2532A}.Debug|Any CPU.Build.0 = Debug|Any CPU
		{20EB7A97-916E-4E41-8976-4F2C1FB2532A}.Release_Ubuntu|Any CPU.ActiveCfg = Release|Any CPU
		{20EB7A97-916E-4E41-8976-4F2C1FB2532A}.Release_Ubuntu|Any CPU.Build.0 = Release|Any CPU
		{20EB7A97-916E-4E41-8976-4F2C1FB2532A}.Release|Any CPU.ActiveCfg = Release|Any CPU
		{20EB7A97-916E-4E41-8976-4F2C1FB2532A}.Release|Any CPU.Build.0 = Release|Any CPU
		{76555774-B495-46A0-8075-16977D2DEBD7}.Debug_Ubuntu|Any CPU.ActiveCfg = Debug|Any CPU
		{76555774-B495-46A0-8075-16977D2DEBD7}.Debug_Ubuntu|Any CPU.Build.0 = Debug|Any CPU
		{76555774-B495-46A0-8075-16977D2DEBD7}.Debug|Any CPU.ActiveCfg = Debug|Any CPU
		{76555774-B495-46A0-8075-16977D2DEBD7}.Debug|Any CPU.Build.0 = Debug|Any CPU
		{76555774-B495-46A0-8075-16977D2DEBD7}.Release_Ubuntu|Any CPU.ActiveCfg = Release|Any CPU
		{76555774-B495-46A0-8075-16977D2DEBD7}.Release_Ubuntu|Any CPU.Build.0 = Release|Any CPU
		{76555774-B495-46A0-8075-16977D2DEBD7}.Release|Any CPU.ActiveCfg = Release|Any CPU
		{76555774-B495-46A0-8075-16977D2DEBD7}.Release|Any CPU.Build.0 = Release|Any CPU
		{DF67892A-B1F9-4A86-A74D-17675F46547E}.Debug_Ubuntu|Any CPU.ActiveCfg = Debug|Any CPU
		{DF67892A-B1F9-4A86-A74D-17675F46547E}.Debug_Ubuntu|Any CPU.Build.0 = Debug|Any CPU
		{DF67892A-B1F9-4A86-A74D-17675F46547E}.Debug|Any CPU.ActiveCfg = Debug|Any CPU
		{DF67892A-B1F9-4A86-A74D-17675F46547E}.Debug|Any CPU.Build.0 = Debug|Any CPU
		{DF67892A-B1F9-4A86-A74D-17675F46547E}.Release_Ubuntu|Any CPU.ActiveCfg = Release|Any CPU
		{DF67892A-B1F9-4A86-A74D-17675F46547E}.Release_Ubuntu|Any CPU.Build.0 = Release|Any CPU
		{DF67892A-B1F9-4A86-A74D-17675F46547E}.Release|Any CPU.ActiveCfg = Release|Any CPU
		{DF67892A-B1F9-4A86-A74D-17675F46547E}.Release|Any CPU.Build.0 = Release|Any CPU
		{42583C99-FF01-406C-8AD9-8674A952C71A}.Debug_Ubuntu|Any CPU.ActiveCfg = Debug|Any CPU
		{42583C99-FF01-406C-8AD9-8674A952C71A}.Debug_Ubuntu|Any CPU.Build.0 = Debug|Any CPU
		{42583C99-FF01-406C-8AD9-8674A952C71A}.Debug|Any CPU.ActiveCfg = Debug|Any CPU
		{42583C99-FF01-406C-8AD9-8674A952C71A}.Debug|Any CPU.Build.0 = Debug|Any CPU
		{42583C99-FF01-406C-8AD9-8674A952C71A}.Release_Ubuntu|Any CPU.ActiveCfg = Release|Any CPU
		{42583C99-FF01-406C-8AD9-8674A952C71A}.Release_Ubuntu|Any CPU.Build.0 = Release|Any CPU
		{42583C99-FF01-406C-8AD9-8674A952C71A}.Release|Any CPU.ActiveCfg = Release|Any CPU
		{42583C99-FF01-406C-8AD9-8674A952C71A}.Release|Any CPU.Build.0 = Release|Any CPU
		{713D3581-11E1-4CAE-B2F8-7761E0577C5E}.Debug_Ubuntu|Any CPU.ActiveCfg = Debug|Any CPU
		{713D3581-11E1-4CAE-B2F8-7761E0577C5E}.Debug_Ubuntu|Any CPU.Build.0 = Debug|Any CPU
		{713D3581-11E1-4CAE-B2F8-7761E0577C5E}.Debug|Any CPU.ActiveCfg = Debug|Any CPU
		{713D3581-11E1-4CAE-B2F8-7761E0577C5E}.Debug|Any CPU.Build.0 = Debug|Any CPU
		{713D3581-11E1-4CAE-B2F8-7761E0577C5E}.Release_Ubuntu|Any CPU.ActiveCfg = Release|Any CPU
		{713D3581-11E1-4CAE-B2F8-7761E0577C5E}.Release_Ubuntu|Any CPU.Build.0 = Release|Any CPU
		{713D3581-11E1-4CAE-B2F8-7761E0577C5E}.Release|Any CPU.ActiveCfg = Release|Any CPU
		{713D3581-11E1-4CAE-B2F8-7761E0577C5E}.Release|Any CPU.Build.0 = Release|Any CPU
		{D73E5253-0B3E-4159-9601-90B555C5B0C6}.Debug_Ubuntu|Any CPU.ActiveCfg = Debug|Any CPU
		{D73E5253-0B3E-4159-9601-90B555C5B0C6}.Debug_Ubuntu|Any CPU.Build.0 = Debug|Any CPU
		{D73E5253-0B3E-4159-9601-90B555C5B0C6}.Debug|Any CPU.ActiveCfg = Debug|Any CPU
		{D73E5253-0B3E-4159-9601-90B555C5B0C6}.Debug|Any CPU.Build.0 = Debug|Any CPU
		{D73E5253-0B3E-4159-9601-90B555C5B0C6}.Release_Ubuntu|Any CPU.ActiveCfg = Release|Any CPU
		{D73E5253-0B3E-4159-9601-90B555C5B0C6}.Release_Ubuntu|Any CPU.Build.0 = Release|Any CPU
		{D73E5253-0B3E-4159-9601-90B555C5B0C6}.Release|Any CPU.ActiveCfg = Release|Any CPU
		{D73E5253-0B3E-4159-9601-90B555C5B0C6}.Release|Any CPU.Build.0 = Release|Any CPU
	EndGlobalSection
	GlobalSection(SolutionProperties) = preSolution
		HideSolutionNode = FALSE
	EndGlobalSection
	GlobalSection(ExtensibilityGlobals) = postSolution
		SolutionGuid = {1C5A671A-8A0F-4853-AE0F-B01527987D90}
	EndGlobalSection
EndGlobal
