
Microsoft Visual Studio Solution File, Format Version 12.00
# Visual Studio Version 17
VisualStudioVersion = 17.0.31710.8
MinimumVisualStudioVersion = 10.0.40219.1
Project("{9A19103F-16F7-4668-BE54-9A1E7A4F7556}") = "AppBroker.PainlessMesh", "AppBroker.PainlessMesh\AppBroker.PainlessMesh.csproj", "{20EB7A97-916E-4E41-8976-4F2C1FB2532A}"
EndProject
Project("{9A19103F-16F7-4668-BE54-9A1E7A4F7556}") = "TranslateTTMToHumanReadable", "TranslateTTMToHumanReadable\TranslateTTMToHumanReadable.csproj", "{76555774-B495-46A0-8075-16977D2DEBD7}"
EndProject
Project("{9A19103F-16F7-4668-BE54-9A1E7A4F7556}") = "DbMigrator", "DbMigrator\DbMigrator.csproj", "{77F46A84-21E3-440C-8DC2-893177244FA1}"
EndProject
Project("{9A19103F-16F7-4668-BE54-9A1E7A4F7556}") = "AppBroker.Generators", "AppBroker.Generators\AppBroker.Generators.csproj", "{9410CEB2-5BE1-4BFC-BF8E-7F5EEA30401C}"
EndProject
Project("{9A19103F-16F7-4668-BE54-9A1E7A4F7556}") = "TestGenerator", "TestGenerator\TestGenerator.csproj", "{50833AB1-C7AA-4524-A48D-BD6423020D89}"
EndProject
Project("{9A19103F-16F7-4668-BE54-9A1E7A4F7556}") = "AppBroker.Generators.Test", "AppBroker.Generators.Test\AppBroker.Generators.Test.csproj", "{A553ED81-487F-49A0-8ACB-DD49BEBBCA48}"
EndProject
Project("{2150E333-8FDC-42A3-9474-1A3956D46DE8}") = "Solution Items", "Solution Items", "{E76B3A29-D64E-4881-BAAE-19D87C124334}"
	ProjectSection(SolutionItems) = preProject
		.editorconfig = .editorconfig
	EndProjectSection
EndProject
Project("{9A19103F-16F7-4668-BE54-9A1E7A4F7556}") = "AppBroker.Core", "AppBroker.Core\AppBroker.Core.csproj", "{6579337A-A00D-4912-839D-F28C3604FD31}"
EndProject
Project("{9A19103F-16F7-4668-BE54-9A1E7A4F7556}") = "AppBroker.PainlessMesh.Elsa", "AppBroker.PainlessMesh.Elsa\AppBroker.PainlessMesh.Elsa.csproj", "{09DAEE5A-8C1C-4A31-B26F-6DD5AF782A0C}"
EndProject
Project("{9A19103F-16F7-4668-BE54-9A1E7A4F7556}") = "TcpProxy", "TcpProxy\TcpProxy.csproj", "{AD2C1BBA-8ED2-4CEC-8318-ABDAB3D0FE35}"
EndProject
Project("{9A19103F-16F7-4668-BE54-9A1E7A4F7556}") = "AppBrokerASP", "AppBrokerASP\AppBrokerASP.csproj", "{015CC807-4054-4B90-AF93-D1E05AC7D742}"
EndProject
Project("{9A19103F-16F7-4668-BE54-9A1E7A4F7556}") = "IoBrokerHistoryImporter", "IoBrokerHistoryImporter\IoBrokerHistoryImporter.csproj", "{414ACD69-9812-4B28-AA71-0862C73DF52D}"
EndProject
Project("{2150E333-8FDC-42A3-9474-1A3956D46DE8}") = "04_Plugins", "04_Plugins", "{C3D29452-2BD2-45C6-A888-A7E2B27BC713}"
EndProject
Project("{2150E333-8FDC-42A3-9474-1A3956D46DE8}") = "01_Core", "01_Core", "{5170C7C5-6EB2-4AE9-B17A-FB9A15AF1401}"
EndProject
Project("{2150E333-8FDC-42A3-9474-1A3956D46DE8}") = "03_Runtime", "03_Runtime", "{B2C2A9FB-EB02-4355-BE9E-330D0F6F7482}"
EndProject
Project("{2150E333-8FDC-42A3-9474-1A3956D46DE8}") = "10_Misc", "10_Misc", "{46309ADE-8FD9-4291-B1CF-EA44AD5486CF}"
EndProject
Project("{9A19103F-16F7-4668-BE54-9A1E7A4F7556}") = "AppBroker.Zigbee2Mqtt", "AppBroker.Zigbee2Mqtt\AppBroker.Zigbee2Mqtt.csproj", "{B853F78F-B298-4039-B293-37C8C77DF042}"
EndProject
Project("{9A19103F-16F7-4668-BE54-9A1E7A4F7556}") = "AppBroker.IOBroker", "AppBroker.IOBroker\AppBroker.IOBroker.csproj", "{1D791FDB-2F42-4C32-AC9E-0D0EECC48344}"
EndProject
Project("{9A19103F-16F7-4668-BE54-9A1E7A4F7556}") = "AppBroker.susch", "AppBroker.susch\AppBroker.susch.csproj", "{602068C7-B3DE-40D2-8061-2B62956CCE0B}"
EndProject
Project("{9A19103F-16F7-4668-BE54-9A1E7A4F7556}") = "AppBroker.Mail", "AppBroker.Mail\AppBroker.Mail.csproj", "{7AA8B80A-A792-4A48-AEF6-47E816A4C42A}"
EndProject
Project("{9A19103F-16F7-4668-BE54-9A1E7A4F7556}") = "AppBroker.Notifications", "AppBroker.Notifications\AppBroker.Notifications.csproj", "{9D79D38F-DBB4-4768-8EEB-4DCBA7DD76B9}"
EndProject
Project("{9A19103F-16F7-4668-BE54-9A1E7A4F7556}") = "AppBroker.App", "AppBroker.App\AppBroker.App.csproj", "{39F713BA-3788-46D3-B88F-0ECD0E4C801A}"
EndProject
Global
	GlobalSection(SolutionConfigurationPlatforms) = preSolution
		Debug_Ubuntu|Any CPU = Debug_Ubuntu|Any CPU
		Debug|Any CPU = Debug|Any CPU
		Release_Ubuntu|Any CPU = Release_Ubuntu|Any CPU
		Release|Any CPU = Release|Any CPU
	EndGlobalSection
	GlobalSection(ProjectConfigurationPlatforms) = postSolution
		{20EB7A97-916E-4E41-8976-4F2C1FB2532A}.Debug_Ubuntu|Any CPU.ActiveCfg = Debug|Any CPU
		{20EB7A97-916E-4E41-8976-4F2C1FB2532A}.Debug_Ubuntu|Any CPU.Build.0 = Debug|Any CPU
		{20EB7A97-916E-4E41-8976-4F2C1FB2532A}.Debug|Any CPU.ActiveCfg = Debug|Any CPU
		{20EB7A97-916E-4E41-8976-4F2C1FB2532A}.Debug|Any CPU.Build.0 = Debug|Any CPU
		{20EB7A97-916E-4E41-8976-4F2C1FB2532A}.Release_Ubuntu|Any CPU.ActiveCfg = Release|Any CPU
		{20EB7A97-916E-4E41-8976-4F2C1FB2532A}.Release_Ubuntu|Any CPU.Build.0 = Release|Any CPU
		{20EB7A97-916E-4E41-8976-4F2C1FB2532A}.Release|Any CPU.ActiveCfg = Release|Any CPU
		{20EB7A97-916E-4E41-8976-4F2C1FB2532A}.Release|Any CPU.Build.0 = Release|Any CPU
		{76555774-B495-46A0-8075-16977D2DEBD7}.Debug_Ubuntu|Any CPU.ActiveCfg = Debug|Any CPU
		{76555774-B495-46A0-8075-16977D2DEBD7}.Debug_Ubuntu|Any CPU.Build.0 = Debug|Any CPU
		{76555774-B495-46A0-8075-16977D2DEBD7}.Debug|Any CPU.ActiveCfg = Debug|Any CPU
		{76555774-B495-46A0-8075-16977D2DEBD7}.Debug|Any CPU.Build.0 = Debug|Any CPU
		{76555774-B495-46A0-8075-16977D2DEBD7}.Release_Ubuntu|Any CPU.ActiveCfg = Release|Any CPU
		{76555774-B495-46A0-8075-16977D2DEBD7}.Release_Ubuntu|Any CPU.Build.0 = Release|Any CPU
		{76555774-B495-46A0-8075-16977D2DEBD7}.Release|Any CPU.ActiveCfg = Release|Any CPU
		{76555774-B495-46A0-8075-16977D2DEBD7}.Release|Any CPU.Build.0 = Release|Any CPU
		{77F46A84-21E3-440C-8DC2-893177244FA1}.Debug_Ubuntu|Any CPU.ActiveCfg = Debug|Any CPU
		{77F46A84-21E3-440C-8DC2-893177244FA1}.Debug_Ubuntu|Any CPU.Build.0 = Debug|Any CPU
		{77F46A84-21E3-440C-8DC2-893177244FA1}.Debug|Any CPU.ActiveCfg = Debug|Any CPU
		{77F46A84-21E3-440C-8DC2-893177244FA1}.Debug|Any CPU.Build.0 = Debug|Any CPU
		{77F46A84-21E3-440C-8DC2-893177244FA1}.Release_Ubuntu|Any CPU.ActiveCfg = Release|Any CPU
		{77F46A84-21E3-440C-8DC2-893177244FA1}.Release_Ubuntu|Any CPU.Build.0 = Release|Any CPU
		{77F46A84-21E3-440C-8DC2-893177244FA1}.Release|Any CPU.ActiveCfg = Release|Any CPU
		{77F46A84-21E3-440C-8DC2-893177244FA1}.Release|Any CPU.Build.0 = Release|Any CPU
		{9410CEB2-5BE1-4BFC-BF8E-7F5EEA30401C}.Debug_Ubuntu|Any CPU.ActiveCfg = Debug|Any CPU
		{9410CEB2-5BE1-4BFC-BF8E-7F5EEA30401C}.Debug_Ubuntu|Any CPU.Build.0 = Debug|Any CPU
		{9410CEB2-5BE1-4BFC-BF8E-7F5EEA30401C}.Debug|Any CPU.ActiveCfg = Debug|Any CPU
		{9410CEB2-5BE1-4BFC-BF8E-7F5EEA30401C}.Debug|Any CPU.Build.0 = Debug|Any CPU
		{9410CEB2-5BE1-4BFC-BF8E-7F5EEA30401C}.Release_Ubuntu|Any CPU.ActiveCfg = Release|Any CPU
		{9410CEB2-5BE1-4BFC-BF8E-7F5EEA30401C}.Release_Ubuntu|Any CPU.Build.0 = Release|Any CPU
		{9410CEB2-5BE1-4BFC-BF8E-7F5EEA30401C}.Release|Any CPU.ActiveCfg = Release|Any CPU
		{9410CEB2-5BE1-4BFC-BF8E-7F5EEA30401C}.Release|Any CPU.Build.0 = Release|Any CPU
		{50833AB1-C7AA-4524-A48D-BD6423020D89}.Debug_Ubuntu|Any CPU.ActiveCfg = Debug|Any CPU
		{50833AB1-C7AA-4524-A48D-BD6423020D89}.Debug_Ubuntu|Any CPU.Build.0 = Debug|Any CPU
		{50833AB1-C7AA-4524-A48D-BD6423020D89}.Debug|Any CPU.ActiveCfg = Debug|Any CPU
		{50833AB1-C7AA-4524-A48D-BD6423020D89}.Debug|Any CPU.Build.0 = Debug|Any CPU
		{50833AB1-C7AA-4524-A48D-BD6423020D89}.Release_Ubuntu|Any CPU.ActiveCfg = Release|Any CPU
		{50833AB1-C7AA-4524-A48D-BD6423020D89}.Release_Ubuntu|Any CPU.Build.0 = Release|Any CPU
		{50833AB1-C7AA-4524-A48D-BD6423020D89}.Release|Any CPU.ActiveCfg = Release|Any CPU
		{50833AB1-C7AA-4524-A48D-BD6423020D89}.Release|Any CPU.Build.0 = Release|Any CPU
		{A553ED81-487F-49A0-8ACB-DD49BEBBCA48}.Debug_Ubuntu|Any CPU.ActiveCfg = Debug|Any CPU
		{A553ED81-487F-49A0-8ACB-DD49BEBBCA48}.Debug_Ubuntu|Any CPU.Build.0 = Debug|Any CPU
		{A553ED81-487F-49A0-8ACB-DD49BEBBCA48}.Debug|Any CPU.ActiveCfg = Debug|Any CPU
		{A553ED81-487F-49A0-8ACB-DD49BEBBCA48}.Debug|Any CPU.Build.0 = Debug|Any CPU
		{A553ED81-487F-49A0-8ACB-DD49BEBBCA48}.Release_Ubuntu|Any CPU.ActiveCfg = Release|Any CPU
		{A553ED81-487F-49A0-8ACB-DD49BEBBCA48}.Release_Ubuntu|Any CPU.Build.0 = Release|Any CPU
		{A553ED81-487F-49A0-8ACB-DD49BEBBCA48}.Release|Any CPU.ActiveCfg = Release|Any CPU
		{A553ED81-487F-49A0-8ACB-DD49BEBBCA48}.Release|Any CPU.Build.0 = Release|Any CPU
		{6579337A-A00D-4912-839D-F28C3604FD31}.Debug_Ubuntu|Any CPU.ActiveCfg = Debug|Any CPU
		{6579337A-A00D-4912-839D-F28C3604FD31}.Debug_Ubuntu|Any CPU.Build.0 = Debug|Any CPU
		{6579337A-A00D-4912-839D-F28C3604FD31}.Debug|Any CPU.ActiveCfg = Debug|Any CPU
		{6579337A-A00D-4912-839D-F28C3604FD31}.Debug|Any CPU.Build.0 = Debug|Any CPU
		{6579337A-A00D-4912-839D-F28C3604FD31}.Release_Ubuntu|Any CPU.ActiveCfg = Release|Any CPU
		{6579337A-A00D-4912-839D-F28C3604FD31}.Release_Ubuntu|Any CPU.Build.0 = Release|Any CPU
		{6579337A-A00D-4912-839D-F28C3604FD31}.Release|Any CPU.ActiveCfg = Release|Any CPU
		{6579337A-A00D-4912-839D-F28C3604FD31}.Release|Any CPU.Build.0 = Release|Any CPU
		{09DAEE5A-8C1C-4A31-B26F-6DD5AF782A0C}.Debug_Ubuntu|Any CPU.ActiveCfg = Debug|Any CPU
		{09DAEE5A-8C1C-4A31-B26F-6DD5AF782A0C}.Debug_Ubuntu|Any CPU.Build.0 = Debug|Any CPU
		{09DAEE5A-8C1C-4A31-B26F-6DD5AF782A0C}.Debug|Any CPU.ActiveCfg = Debug|Any CPU
		{09DAEE5A-8C1C-4A31-B26F-6DD5AF782A0C}.Debug|Any CPU.Build.0 = Debug|Any CPU
		{09DAEE5A-8C1C-4A31-B26F-6DD5AF782A0C}.Release_Ubuntu|Any CPU.ActiveCfg = Release|Any CPU
		{09DAEE5A-8C1C-4A31-B26F-6DD5AF782A0C}.Release_Ubuntu|Any CPU.Build.0 = Release|Any CPU
		{09DAEE5A-8C1C-4A31-B26F-6DD5AF782A0C}.Release|Any CPU.ActiveCfg = Release|Any CPU
		{09DAEE5A-8C1C-4A31-B26F-6DD5AF782A0C}.Release|Any CPU.Build.0 = Release|Any CPU
		{AD2C1BBA-8ED2-4CEC-8318-ABDAB3D0FE35}.Debug_Ubuntu|Any CPU.ActiveCfg = Debug|Any CPU
		{AD2C1BBA-8ED2-4CEC-8318-ABDAB3D0FE35}.Debug_Ubuntu|Any CPU.Build.0 = Debug|Any CPU
		{AD2C1BBA-8ED2-4CEC-8318-ABDAB3D0FE35}.Debug|Any CPU.ActiveCfg = Debug|Any CPU
		{AD2C1BBA-8ED2-4CEC-8318-ABDAB3D0FE35}.Debug|Any CPU.Build.0 = Debug|Any CPU
		{AD2C1BBA-8ED2-4CEC-8318-ABDAB3D0FE35}.Release_Ubuntu|Any CPU.ActiveCfg = Release|Any CPU
		{AD2C1BBA-8ED2-4CEC-8318-ABDAB3D0FE35}.Release_Ubuntu|Any CPU.Build.0 = Release|Any CPU
		{AD2C1BBA-8ED2-4CEC-8318-ABDAB3D0FE35}.Release|Any CPU.ActiveCfg = Release|Any CPU
		{AD2C1BBA-8ED2-4CEC-8318-ABDAB3D0FE35}.Release|Any CPU.Build.0 = Release|Any CPU
		{015CC807-4054-4B90-AF93-D1E05AC7D742}.Debug_Ubuntu|Any CPU.ActiveCfg = Debug|Any CPU
		{015CC807-4054-4B90-AF93-D1E05AC7D742}.Debug_Ubuntu|Any CPU.Build.0 = Debug|Any CPU
		{015CC807-4054-4B90-AF93-D1E05AC7D742}.Debug|Any CPU.ActiveCfg = Debug|Any CPU
		{015CC807-4054-4B90-AF93-D1E05AC7D742}.Debug|Any CPU.Build.0 = Debug|Any CPU
		{015CC807-4054-4B90-AF93-D1E05AC7D742}.Release_Ubuntu|Any CPU.ActiveCfg = Release|Any CPU
		{015CC807-4054-4B90-AF93-D1E05AC7D742}.Release_Ubuntu|Any CPU.Build.0 = Release|Any CPU
		{015CC807-4054-4B90-AF93-D1E05AC7D742}.Release|Any CPU.ActiveCfg = Release|Any CPU
		{015CC807-4054-4B90-AF93-D1E05AC7D742}.Release|Any CPU.Build.0 = Release|Any CPU
		{414ACD69-9812-4B28-AA71-0862C73DF52D}.Debug_Ubuntu|Any CPU.ActiveCfg = Debug|Any CPU
		{414ACD69-9812-4B28-AA71-0862C73DF52D}.Debug_Ubuntu|Any CPU.Build.0 = Debug|Any CPU
		{414ACD69-9812-4B28-AA71-0862C73DF52D}.Debug|Any CPU.ActiveCfg = Debug|Any CPU
		{414ACD69-9812-4B28-AA71-0862C73DF52D}.Debug|Any CPU.Build.0 = Debug|Any CPU
		{414ACD69-9812-4B28-AA71-0862C73DF52D}.Release_Ubuntu|Any CPU.ActiveCfg = Release|Any CPU
		{414ACD69-9812-4B28-AA71-0862C73DF52D}.Release_Ubuntu|Any CPU.Build.0 = Release|Any CPU
		{414ACD69-9812-4B28-AA71-0862C73DF52D}.Release|Any CPU.ActiveCfg = Release|Any CPU
		{414ACD69-9812-4B28-AA71-0862C73DF52D}.Release|Any CPU.Build.0 = Release|Any CPU
		{B853F78F-B298-4039-B293-37C8C77DF042}.Debug_Ubuntu|Any CPU.ActiveCfg = Debug|Any CPU
		{B853F78F-B298-4039-B293-37C8C77DF042}.Debug_Ubuntu|Any CPU.Build.0 = Debug|Any CPU
		{B853F78F-B298-4039-B293-37C8C77DF042}.Debug|Any CPU.ActiveCfg = Debug|Any CPU
		{B853F78F-B298-4039-B293-37C8C77DF042}.Debug|Any CPU.Build.0 = Debug|Any CPU
		{B853F78F-B298-4039-B293-37C8C77DF042}.Release_Ubuntu|Any CPU.ActiveCfg = Release|Any CPU
		{B853F78F-B298-4039-B293-37C8C77DF042}.Release_Ubuntu|Any CPU.Build.0 = Release|Any CPU
		{B853F78F-B298-4039-B293-37C8C77DF042}.Release|Any CPU.ActiveCfg = Release|Any CPU
		{B853F78F-B298-4039-B293-37C8C77DF042}.Release|Any CPU.Build.0 = Release|Any CPU
		{1D791FDB-2F42-4C32-AC9E-0D0EECC48344}.Debug_Ubuntu|Any CPU.ActiveCfg = Debug|Any CPU
		{1D791FDB-2F42-4C32-AC9E-0D0EECC48344}.Debug_Ubuntu|Any CPU.Build.0 = Debug|Any CPU
		{1D791FDB-2F42-4C32-AC9E-0D0EECC48344}.Debug|Any CPU.ActiveCfg = Debug|Any CPU
		{1D791FDB-2F42-4C32-AC9E-0D0EECC48344}.Debug|Any CPU.Build.0 = Debug|Any CPU
		{1D791FDB-2F42-4C32-AC9E-0D0EECC48344}.Release_Ubuntu|Any CPU.ActiveCfg = Release|Any CPU
		{1D791FDB-2F42-4C32-AC9E-0D0EECC48344}.Release_Ubuntu|Any CPU.Build.0 = Release|Any CPU
		{1D791FDB-2F42-4C32-AC9E-0D0EECC48344}.Release|Any CPU.ActiveCfg = Release|Any CPU
		{1D791FDB-2F42-4C32-AC9E-0D0EECC48344}.Release|Any CPU.Build.0 = Release|Any CPU
		{602068C7-B3DE-40D2-8061-2B62956CCE0B}.Debug_Ubuntu|Any CPU.ActiveCfg = Debug|Any CPU
		{602068C7-B3DE-40D2-8061-2B62956CCE0B}.Debug_Ubuntu|Any CPU.Build.0 = Debug|Any CPU
		{602068C7-B3DE-40D2-8061-2B62956CCE0B}.Debug|Any CPU.ActiveCfg = Debug|Any CPU
		{602068C7-B3DE-40D2-8061-2B62956CCE0B}.Debug|Any CPU.Build.0 = Debug|Any CPU
		{602068C7-B3DE-40D2-8061-2B62956CCE0B}.Release_Ubuntu|Any CPU.ActiveCfg = Release|Any CPU
		{602068C7-B3DE-40D2-8061-2B62956CCE0B}.Release_Ubuntu|Any CPU.Build.0 = Release|Any CPU
		{602068C7-B3DE-40D2-8061-2B62956CCE0B}.Release|Any CPU.ActiveCfg = Release|Any CPU
		{602068C7-B3DE-40D2-8061-2B62956CCE0B}.Release|Any CPU.Build.0 = Release|Any CPU
		{7AA8B80A-A792-4A48-AEF6-47E816A4C42A}.Debug_Ubuntu|Any CPU.ActiveCfg = Debug|Any CPU
		{7AA8B80A-A792-4A48-AEF6-47E816A4C42A}.Debug_Ubuntu|Any CPU.Build.0 = Debug|Any CPU
		{7AA8B80A-A792-4A48-AEF6-47E816A4C42A}.Debug|Any CPU.ActiveCfg = Debug|Any CPU
		{7AA8B80A-A792-4A48-AEF6-47E816A4C42A}.Debug|Any CPU.Build.0 = Debug|Any CPU
		{7AA8B80A-A792-4A48-AEF6-47E816A4C42A}.Release_Ubuntu|Any CPU.ActiveCfg = Release|Any CPU
		{7AA8B80A-A792-4A48-AEF6-47E816A4C42A}.Release_Ubuntu|Any CPU.Build.0 = Release|Any CPU
		{7AA8B80A-A792-4A48-AEF6-47E816A4C42A}.Release|Any CPU.ActiveCfg = Release|Any CPU
		{7AA8B80A-A792-4A48-AEF6-47E816A4C42A}.Release|Any CPU.Build.0 = Release|Any CPU
		{9D79D38F-DBB4-4768-8EEB-4DCBA7DD76B9}.Debug_Ubuntu|Any CPU.ActiveCfg = Debug|Any CPU
		{9D79D38F-DBB4-4768-8EEB-4DCBA7DD76B9}.Debug_Ubuntu|Any CPU.Build.0 = Debug|Any CPU
		{9D79D38F-DBB4-4768-8EEB-4DCBA7DD76B9}.Debug|Any CPU.ActiveCfg = Debug|Any CPU
		{9D79D38F-DBB4-4768-8EEB-4DCBA7DD76B9}.Debug|Any CPU.Build.0 = Debug|Any CPU
		{9D79D38F-DBB4-4768-8EEB-4DCBA7DD76B9}.Release_Ubuntu|Any CPU.ActiveCfg = Release|Any CPU
		{9D79D38F-DBB4-4768-8EEB-4DCBA7DD76B9}.Release_Ubuntu|Any CPU.Build.0 = Release|Any CPU
		{9D79D38F-DBB4-4768-8EEB-4DCBA7DD76B9}.Release|Any CPU.ActiveCfg = Release|Any CPU
		{9D79D38F-DBB4-4768-8EEB-4DCBA7DD76B9}.Release|Any CPU.Build.0 = Release|Any CPU
		{39F713BA-3788-46D3-B88F-0ECD0E4C801A}.Debug_Ubuntu|Any CPU.ActiveCfg = Debug|Any CPU
		{39F713BA-3788-46D3-B88F-0ECD0E4C801A}.Debug_Ubuntu|Any CPU.Build.0 = Debug|Any CPU
		{39F713BA-3788-46D3-B88F-0ECD0E4C801A}.Debug|Any CPU.ActiveCfg = Debug|Any CPU
		{39F713BA-3788-46D3-B88F-0ECD0E4C801A}.Debug|Any CPU.Build.0 = Debug|Any CPU
		{39F713BA-3788-46D3-B88F-0ECD0E4C801A}.Release_Ubuntu|Any CPU.ActiveCfg = Release|Any CPU
		{39F713BA-3788-46D3-B88F-0ECD0E4C801A}.Release_Ubuntu|Any CPU.Build.0 = Release|Any CPU
		{39F713BA-3788-46D3-B88F-0ECD0E4C801A}.Release|Any CPU.ActiveCfg = Release|Any CPU
		{39F713BA-3788-46D3-B88F-0ECD0E4C801A}.Release|Any CPU.Build.0 = Release|Any CPU
	EndGlobalSection
	GlobalSection(SolutionProperties) = preSolution
		HideSolutionNode = FALSE
	EndGlobalSection
	GlobalSection(NestedProjects) = preSolution
		{20EB7A97-916E-4E41-8976-4F2C1FB2532A} = {C3D29452-2BD2-45C6-A888-A7E2B27BC713}
		{76555774-B495-46A0-8075-16977D2DEBD7} = {46309ADE-8FD9-4291-B1CF-EA44AD5486CF}
		{77F46A84-21E3-440C-8DC2-893177244FA1} = {46309ADE-8FD9-4291-B1CF-EA44AD5486CF}
		{9410CEB2-5BE1-4BFC-BF8E-7F5EEA30401C} = {5170C7C5-6EB2-4AE9-B17A-FB9A15AF1401}
		{50833AB1-C7AA-4524-A48D-BD6423020D89} = {46309ADE-8FD9-4291-B1CF-EA44AD5486CF}
		{A553ED81-487F-49A0-8ACB-DD49BEBBCA48} = {5170C7C5-6EB2-4AE9-B17A-FB9A15AF1401}
		{6579337A-A00D-4912-839D-F28C3604FD31} = {5170C7C5-6EB2-4AE9-B17A-FB9A15AF1401}
		{09DAEE5A-8C1C-4A31-B26F-6DD5AF782A0C} = {46309ADE-8FD9-4291-B1CF-EA44AD5486CF}
		{AD2C1BBA-8ED2-4CEC-8318-ABDAB3D0FE35} = {B2C2A9FB-EB02-4355-BE9E-330D0F6F7482}
		{015CC807-4054-4B90-AF93-D1E05AC7D742} = {B2C2A9FB-EB02-4355-BE9E-330D0F6F7482}
		{414ACD69-9812-4B28-AA71-0862C73DF52D} = {46309ADE-8FD9-4291-B1CF-EA44AD5486CF}
		{B853F78F-B298-4039-B293-37C8C77DF042} = {C3D29452-2BD2-45C6-A888-A7E2B27BC713}
		{1D791FDB-2F42-4C32-AC9E-0D0EECC48344} = {C3D29452-2BD2-45C6-A888-A7E2B27BC713}
		{602068C7-B3DE-40D2-8061-2B62956CCE0B} = {C3D29452-2BD2-45C6-A888-A7E2B27BC713}
		{7AA8B80A-A792-4A48-AEF6-47E816A4C42A} = {C3D29452-2BD2-45C6-A888-A7E2B27BC713}
		{9D79D38F-DBB4-4768-8EEB-4DCBA7DD76B9} = {C3D29452-2BD2-45C6-A888-A7E2B27BC713}
		{39F713BA-3788-46D3-B88F-0ECD0E4C801A} = {C3D29452-2BD2-45C6-A888-A7E2B27BC713}
	EndGlobalSection
	GlobalSection(ExtensibilityGlobals) = postSolution
		SolutionGuid = {1C5A671A-8A0F-4853-AE0F-B01527987D90}
	EndGlobalSection
EndGlobal
